
Microsoft Visual Studio Solution File, Format Version 12.00
# Visual Studio Version 17
VisualStudioVersion = 17.3.32825.248
MinimumVisualStudioVersion = 10.0.40219.1
Project("{FAE04EC0-301F-11D3-BF4B-00C04F79EFBC}") = "Test-2022F", "Test-2022F\Test-2022F.csproj", "{8F2E58BD-1CB7-464B-9A9B-903D99908612}"
EndProject
Project("{FAE04EC0-301F-11D3-BF4B-00C04F79EFBC}") = "Test-2022F.Tests", "Test-2022F.Tests\Test-2022F.Tests.csproj", "{D0A5B991-F124-4421-82AD-02C9F24B77BE}"
EndProject
Global
	GlobalSection(SolutionConfigurationPlatforms) = preSolution
		Debug|Any CPU = Debug|Any CPU
		Release|Any CPU = Release|Any CPU
	EndGlobalSection
	GlobalSection(ProjectConfigurationPlatforms) = postSolution
		{8F2E58BD-1CB7-464B-9A9B-903D99908612}.Debug|Any CPU.ActiveCfg = Debug|Any CPU
		{8F2E58BD-1CB7-464B-9A9B-903D99908612}.Debug|Any CPU.Build.0 = Debug|Any CPU
		{8F2E58BD-1CB7-464B-9A9B-903D99908612}.Release|Any CPU.ActiveCfg = Release|Any CPU
		{8F2E58BD-1CB7-464B-9A9B-903D99908612}.Release|Any CPU.Build.0 = Release|Any CPU
		{D0A5B991-F124-4421-82AD-02C9F24B77BE}.Debug|Any CPU.ActiveCfg = Debug|Any CPU
		{D0A5B991-F124-4421-82AD-02C9F24B77BE}.Debug|Any CPU.Build.0 = Debug|Any CPU
		{D0A5B991-F124-4421-82AD-02C9F24B77BE}.Release|Any CPU.ActiveCfg = Release|Any CPU
		{D0A5B991-F124-4421-82AD-02C9F24B77BE}.Release|Any CPU.Build.0 = Release|Any CPU
	EndGlobalSection
	GlobalSection(SolutionProperties) = preSolution
		HideSolutionNode = FALSE
	EndGlobalSection
	GlobalSection(ExtensibilityGlobals) = postSolution
		SolutionGuid = {56576BEA-9AEB-49CE-BA3E-8BCEA9F03702}
	EndGlobalSection
EndGlobal
